# This file is automatically @generated by Cargo.
# It is not intended for manual editing.
version = 4

[[package]]
name = "app"
version = "0.1.0"
dependencies = [
 "eval",
 "game-core",
 "render",
]

[[package]]
name = "eval"
version = "0.1.0"
dependencies = [
 "game-core",
]

[[package]]
name = "game-core"
version = "0.1.0"

[[package]]
name = "render"
version = "0.1.0"
dependencies = [
 "game-core",
]
